
Microsoft Visual Studio Solution File, Format Version 12.00
# Visual Studio Version 17
VisualStudioVersion = 17.13.35931.197 d17.13
MinimumVisualStudioVersion = 10.0.40219.1
Project("{FAE04EC0-301F-11D3-BF4B-00C04F79EFBC}") = "EntityFramework", "EntityFramework-Insert\EntityFramework.csproj", "{A795F39F-DE87-4A08-8B1D-F7CCC41D297C}"
EndProject
Global
	GlobalSection(SolutionConfigurationPlatforms) = preSolution
		Debug|Any CPU = Debug|Any CPU
		Release|Any CPU = Release|Any CPU
	EndGlobalSection
	GlobalSection(ProjectConfigurationPlatforms) = postSolution
		{A795F39F-DE87-4A08-8B1D-F7CCC41D297C}.Debug|Any CPU.ActiveCfg = Debug|Any CPU
		{A795F39F-DE87-4A08-8B1D-F7CCC41D297C}.Debug|Any CPU.Build.0 = Debug|Any CPU
		{A795F39F-DE87-4A08-8B1D-F7CCC41D297C}.Release|Any CPU.ActiveCfg = Release|Any CPU
		{A795F39F-DE87-4A08-8B1D-F7CCC41D297C}.Release|Any CPU.Build.0 = Release|Any CPU
	EndGlobalSection
	GlobalSection(SolutionProperties) = preSolution
		HideSolutionNode = FALSE
	EndGlobalSection
	GlobalSection(ExtensibilityGlobals) = postSolution
		SolutionGuid = {8788C5B9-C7FD-4377-A943-076FB7720687}
	EndGlobalSection
EndGlobal
